
Microsoft Visual Studio Solution File, Format Version 12.00
# Visual Studio Version 17
VisualStudioVersion = 17.3.32819.101
MinimumVisualStudioVersion = 10.0.40219.1
Project("{FAE04EC0-301F-11D3-BF4B-00C04F79EFBC}") = "Adhoc.Importer", "Adhoc.Importer.csproj", "{8514E26B-26F9-4EDE-8CC6-E4C49F4AC673}"
EndProject
Project("{2150E333-8FDC-42A3-9474-1A3956D46DE8}") = "Solution Items", "Solution Items", "{181BC336-5637-4095-A134-3DC1E3341B80}"
EndProject
Global
	GlobalSection(SolutionConfigurationPlatforms) = preSolution
		Debug|Any CPU = Debug|Any CPU
		Release|Any CPU = Release|Any CPU
	EndGlobalSection
	GlobalSection(ProjectConfigurationPlatforms) = postSolution
		{8514E26B-26F9-4EDE-8CC6-E4C49F4AC673}.Debug|Any CPU.ActiveCfg = Debug|Any CPU
		{8514E26B-26F9-4EDE-8CC6-E4C49F4AC673}.Debug|Any CPU.Build.0 = Debug|Any CPU
		{8514E26B-26F9-4EDE-8CC6-E4C49F4AC673}.Release|Any CPU.ActiveCfg = Release|Any CPU
		{8514E26B-26F9-4EDE-8CC6-E4C49F4AC673}.Release|Any CPU.Build.0 = Release|Any CPU
	EndGlobalSection
	GlobalSection(SolutionProperties) = preSolution
		HideSolutionNode = FALSE
	EndGlobalSection
	GlobalSection(ExtensibilityGlobals) = postSolution
		SolutionGuid = {3F20269E-EB09-4022-8E8F-3919D1ED9988}
	EndGlobalSection
EndGlobal
